<?xml version="1.0" encoding="utf-8"?>
<Project ToolsVersion="4.0" xmlns="http://schemas.microsoft.com/developer/msbuild/2003">
  <ItemGroup>
    <Filter Include="Source Files">
      <UniqueIdentifier>{4FC737F1-C7A5-4376-A066-2A32D752A2FF}</UniqueIdentifier>
      <Extensions>cpp;c;cc;cxx;def;odl;idl;hpj;bat;asm;asmx</Extensions>
    </Filter>
    <Filter Include="Header Files">
      <UniqueIdentifier>{93995380-89BD-4b04-88EB-625FBE52EBFB}</UniqueIdentifier>
      <Extensions>h;hh;hpp;hxx;hm;inl;inc;xsd</Extensions>
    </Filter>
    <Filter Include="Resource Files">
      <UniqueIdentifier>{67DA6AB6-F800-4c08-8B7A-83BB121AAD01}</UniqueIdentifier>
      <Extensions>rc;ico;cur;bmp;dlg;rc2;rct;bin;rgs;gif;jpg;jpeg;jpe;resx;tiff;tif;png;wav;mfcribbon-ms</Extensions>
    </Filter>
    <Filter Include="Resource Files\textures">
      <UniqueIdentifier>{fd6a8c49-61e9-4a5e-94db-99fec308973c}</UniqueIdentifier>
    </Filter>
  </ItemGroup>
  <ItemGroup>
    <ClCompile Include="main.cpp">
      <Filter>Source Files</Filter>
    </ClCompile>
    <ClCompile Include="ShallowWaterScene.cpp">
      <Filter>Source Files</Filter>
    </ClCompile>
  </ItemGroup>
  <ItemGroup>
    <ClInclude Include="AppParams.h">
      <Filter>Header Files</Filter>
    </ClInclude>
    <ClInclude Include="ShallowWaterScene.h">
      <Filter>Header Files</Filter>
    </ClInclude>
  </ItemGroup>
  <ItemGroup>
    <None Include="textures\grass_COLOR.ktx">
      <Filter>Resource Files\textures</Filter>
    </None>
    <None Include="textures\grass_NRM.ktx">
      <Filter>Resource Files\textures</Filter>
    </None>
    <None Include="textures\grass_SPEC.ktx">
      <Filter>Resource Files\textures</Filter>
    </None>
    <None Include="textures\rock_COLOR.ktx">
      <Filter>Resource Files\textures</Filter>
    </None>
    <None Include="textures\rock_NRM.ktx">
      <Filter>Resource Files\textures</Filter>
    </None>
    <None Include="textures\rock_SPEC.ktx">
      <Filter>Resource Files\textures</Filter>
    </None>
    <None Include="textures\sand_COLOR.ktx">
      <Filter>Resource Files\textures</Filter>
    </None>
    <None Include="textures\sand_NRM.ktx">
      <Filter>Resource Files\textures</Filter>
    </None>
    <None Include="textures\sand_SPEC.ktx">
      <Filter>Resource Files\textures</Filter>
    </None>
    <None Include="textures\slope_COLOR.ktx">
      <Filter>Resource Files\textures</Filter>
    </None>
    <None Include="textures\slope_NRM.ktx">
      <Filter>Resource Files\textures</Filter>
    </None>
    <None Include="textures\slope_SPEC.ktx">
      <Filter>Resource Files\textures</Filter>
    </None>
  </ItemGroup>
</Project>